github.com/anthonynsimon/bild v0.10.1-0.20190311092716-e21126554192 h1:m/DUjkhGhqlVO4cyPBFwF8HKEpd+uLJx4GlCwUI16mY=
github.com/anthonynsimon/bild v0.10.1-0.20190311092716-e21126554192/go.mod h1:rY8HbNSqiIVRGquP67cbI8etkQGyCZzQ5Fkp0MdtXCQ=
github.com/c9s/goprocinfo v0.0.0-20151025191153-19cb9f127a9c h1:nWbP7byRQnb2ecIdHCbVLU8I9ifJbCyT/CgzIefInFE=
github.com/c9s/goprocinfo v0.0.0-20151025191153-19cb9f127a9c/go.mod h1:uEyr4WpAH4hio6LFriaPkL938XnrvLpNPmQHBdrmbIE=
github.com/fsnotify/fsnotify v1.5.5-0.20220826001856-69c24b069553 h1:7TXZvEdY2q58O5iHyghuvBgfh851DaNHVVDkMT0x4/A=
github.com/fsnotify/fsnotify v1.5.5-0.20220826001856-69c24b069553/go.mod h1:7YBDNnSjJKeI/exSSZMeS4tl4F/eTkrlYtkP01c05HQ=
github.com/google/gopacket v1.1.18-0.20190711070436-ce2e696dc0c9 h1:qVixQ7g7Pjjvb0n+XCIq9iySTEkImLe61XQOzndvESo=
github.com/google/gopacket v1.1.18-0.20190711070436-ce2e696dc0c9/go.mod h1:UdDNZ1OO62aGYVnPhxT1U6aI7ukYtA/kB8vaU0diBUM=
github.com/jbuchbinder/gopnm v0.0.0-20150223212718-5176c556b9ce h1:SHuC5z27u3lD7x5aybCGdCMN9U01n1+bsaTGfJUPvlc=
github.com/jbuchbinder/gopnm v0.0.0-20150223212718-5176c556b9ce/go.mod h1:k4IRLYBcpoQAIqDzFcBFY3eSoVnCvN5nfq3Wqm0ZLp8=
github.com/jcrussell/ninep v0.0.0-20180619175724-35ad2879c0a3 h1:e3dkZpXAYSYSH8vr5iZX4yH+rFPwzRDJNsCjpoC0irw=
github.com/jcrussell/ninep v0.0.0-20180619175724-35ad2879c0a3/go.mod h1:B420sl1tBvxAZyDWaT/b8Flzi5aAS4ljfwVbYwByAl4=
github.com/kr/pty v0.0.0-20160716204620-ce7fa45920dc h1:k0VIhqlzaXZGfIA9bvTKsMnSi/u5Rp7zuoK+tZJYaoA=
github.com/kr/pty v0.0.0-20160716204620-ce7fa45920dc/go.mod h1:pFQYn66WHrOpPYNljwOMqo10TkYh1fy3cYio2l3bCsQ=
github.com/miekg/dns v0.0.0-20160726032027-db96a2b759cd h1:CeapLRDOCwa+mOTigsBvhGS0TfEN8VchyBnh3f6QFtY=
github.com/miekg/dns v0.0.0-20160726032027-db96a2b759cd/go.mod h1:W1PPwlIAgtquWBMBEV9nkV9Cazfe8ScdGz/Lj7v3Nrg=
github.com/nfnt/resize v0.0.0-20160724205520-891127d8d1b5 h1:BvoENQQU+fZ9uukda/RzCAL/191HHwJA5b13R6diVlY=
github.com/nfnt/resize v0.0.0-20160724205520-891127d8d1b5/go.mod h1:jpp1/29i3P1S/RLdc7JQKbRpFeM1dOBd8T9ki5s+AY8=
github.com/peterh/liner v1.0.1-0.20170317030525-88609521dc4b h1:6Jol1boKrMYawqda3CnPILXtcqOuCdIzA5CQ4EwYjVg=
github.com/peterh/liner v1.0.1-0.20170317030525-88609521dc4b/go.mod h1:xIteQHvHuaLYG9IFj6mSxM0fCKrs34IrEQUhOYuGPHc=
github.com/twmb/murmur3 v1.1.6 h1:mqrRot1BRxm+Yct+vavLMou2/iJt0tNVTTC0QoIjaZg=
github.com/twmb/murmur3 v1.1.6/go.mod h1:Qq/R7NUyOfr65zD+6Q5IHKsJLwP7exErjN6lyyq3OSQ=
github.com/ziutek/telnet v0.0.0-20150427115447-49d9be70897f h1:f9srNHR9f42E4Om7uIIshWn65pla892CMfZBOrAnTZg=
github.com/ziutek/telnet v0.0.0-20150427115447-49d9be70897f/go.mod h1:IZpXDfkJ6tWD3PhBK5YzgQT+xJWh7OsdwiG8hA2MkO4=
golang.org/x/crypto v0.0.0-20190308221718-c2843e01d9a2/go.mod h1:djNgcEr1/C05ACkg1iLfiJU5Ep61QUkGW8qpdssI0+w=
golang.org/x/crypto v0.0.0-20210921155107-089bfa567519 h1:7I4JAnoQBe7ZtJcBaYHi5UtiO8tQHbUSXxL+pnGRANg=
golang.org/x/crypto v0.0.0-20210921155107-089bfa567519/go.mod h1:GvvjBRRGRdwPK5ydBHafDWAxML/pGHZbMvKqRZ5+Abc=
golang.org/x/net v0.0.0-20190404232315-eb5bcb51f2a3/go.mod h1:t9HGtf8HONx5eT2rtn7q6eTqICYqUVnKs3thJo3Qplg=
golang.org/x/net v0.0.0-20210226172049-e18ecbb05110 h1:qWPm9rbaAMKs8Bq/9LRpbMqxWRVUAQwMI9fVrssnTfw=
golang.org/x/net v0.0.0-20210226172049-e18ecbb05110/go.mod h1:m0MpNAwzfU5UDzcl9v0D8zg8gWTRqZa9RBIspLL5mdg=
golang.org/x/sys v0.0.0-20190215142949-d0b11bdaac8a/go.mod h1:STP8DvDyc/dI5b8T5hshtkjS+E42TnysNCUPdjciGhY=
golang.org/x/sys v0.0.0-20190405154228-4b34438f7a67/go.mod h1:h1NjWce9XRLGQEsW7wpKNCjG9DtNlClVuFLEZdDNbEs=
golang.org/x/sys v0.0.0-20201119102817-f84b799fce68/go.mod h1:h1NjWce9XRLGQEsW7wpKNCjG9DtNlClVuFLEZdDNbEs=
golang.org/x/sys v0.0.0-20210615035016-665e8c7367d1/go.mod h1:oPkhp1MJrh7nUepCBck5+mAzfO9JrbApNNgaTdGDITg=
golang.org/x/sys v0.0.0-20220825204002-c680a09ffe64 h1:UiNENfZ8gDvpiWw7IpOMQ27spWmThO1RwwdQVbJahJM=
golang.org/x/sys v0.0.0-20220825204002-c680a09ffe64/go.mod h1:oPkhp1MJrh7nUepCBck5+mAzfO9JrbApNNgaTdGDITg=
golang.org/x/term v0.0.0-20201126162022-7de9c90e9dd1 h1:v+OssWQX+hTHEmOBgwxdZxK4zHq3yOs8F9J7mk0PY8E=
golang.org/x/term v0.0.0-20201126162022-7de9c90e9dd1/go.mod h1:bj7SfCRtBDWHUb9snDiAeCFNEtKQo2Wmx5Cou7ajbmo=
golang.org/x/text v0.3.0/go.mod h1:NqM8EUOU14njkJ3fqMW+pc6Ldnwhi/IjpwHt7yyuwOQ=
golang.org/x/text v0.3.3/go.mod h1:5Zoc/QRtKVWzQhOtBMvqHzDpF6irO9z98xDceosuGiQ=
golang.org/x/tools v0.0.0-20180917221912-90fa682c2a6e h1:FDhOuMEY4JVRztM/gsbk+IKUQ8kj74bxZrgw87eMMVc=
golang.org/x/tools v0.0.0-20180917221912-90fa682c2a6e/go.mod h1:n7NCudcB/nEzxVGmLbDWY5pfWTLqBcC2KZ6jyYvM4mQ=
